
Microsoft Visual Studio Solution File, Format Version 12.00
# Visual Studio Version 17
VisualStudioVersion = 17.7.34221.43
MinimumVisualStudioVersion = 10.0.40219.1
Project("{FAE04EC0-301F-11D3-BF4B-00C04F79EFBC}") = "01.SingleInheritance", "01.SingleInheritance\01.SingleInheritance.csproj", "{D2FDEB1C-0BEC-40DC-8577-390AEBBAEFEB}"
EndProject
Project("{FAE04EC0-301F-11D3-BF4B-00C04F79EFBC}") = "02.MultipleInheritance", "02.MultipleInheritance\02.MultipleInheritance.csproj", "{AE106BEE-7B39-4B4B-873C-41E7030F506C}"
EndProject
Project("{FAE04EC0-301F-11D3-BF4B-00C04F79EFBC}") = "03.HierarchicalInheritance", "03.HierarchicalInheritance\03.HierarchicalInheritance.csproj", "{CEDF03CC-BD0D-4580-BB0F-57CE875E2026}"
EndProject
Project("{FAE04EC0-301F-11D3-BF4B-00C04F79EFBC}") = "04.RandomList", "04.RandomList\04.RandomList.csproj", "{6128E326-0663-46DE-AE0B-B0CE24B2B709}"
EndProject
Project("{FAE04EC0-301F-11D3-BF4B-00C04F79EFBC}") = "05.StackOfStrings", "05.StackOfStrings\05.StackOfStrings.csproj", "{2BBC63C7-E008-4702-A415-1469345AE910}"
EndProject
Global
	GlobalSection(SolutionConfigurationPlatforms) = preSolution
		Debug|Any CPU = Debug|Any CPU
		Release|Any CPU = Release|Any CPU
	EndGlobalSection
	GlobalSection(ProjectConfigurationPlatforms) = postSolution
		{D2FDEB1C-0BEC-40DC-8577-390AEBBAEFEB}.Debug|Any CPU.ActiveCfg = Debug|Any CPU
		{D2FDEB1C-0BEC-40DC-8577-390AEBBAEFEB}.Debug|Any CPU.Build.0 = Debug|Any CPU
		{D2FDEB1C-0BEC-40DC-8577-390AEBBAEFEB}.Release|Any CPU.ActiveCfg = Release|Any CPU
		{D2FDEB1C-0BEC-40DC-8577-390AEBBAEFEB}.Release|Any CPU.Build.0 = Release|Any CPU
		{AE106BEE-7B39-4B4B-873C-41E7030F506C}.Debug|Any CPU.ActiveCfg = Debug|Any CPU
		{AE106BEE-7B39-4B4B-873C-41E7030F506C}.Debug|Any CPU.Build.0 = Debug|Any CPU
		{AE106BEE-7B39-4B4B-873C-41E7030F506C}.Release|Any CPU.ActiveCfg = Release|Any CPU
		{AE106BEE-7B39-4B4B-873C-41E7030F506C}.Release|Any CPU.Build.0 = Release|Any CPU
		{CEDF03CC-BD0D-4580-BB0F-57CE875E2026}.Debug|Any CPU.ActiveCfg = Debug|Any CPU
		{CEDF03CC-BD0D-4580-BB0F-57CE875E2026}.Debug|Any CPU.Build.0 = Debug|Any CPU
		{CEDF03CC-BD0D-4580-BB0F-57CE875E2026}.Release|Any CPU.ActiveCfg = Release|Any CPU
		{CEDF03CC-BD0D-4580-BB0F-57CE875E2026}.Release|Any CPU.Build.0 = Release|Any CPU
		{6128E326-0663-46DE-AE0B-B0CE24B2B709}.Debug|Any CPU.ActiveCfg = Debug|Any CPU
		{6128E326-0663-46DE-AE0B-B0CE24B2B709}.Debug|Any CPU.Build.0 = Debug|Any CPU
		{6128E326-0663-46DE-AE0B-B0CE24B2B709}.Release|Any CPU.ActiveCfg = Release|Any CPU
		{6128E326-0663-46DE-AE0B-B0CE24B2B709}.Release|Any CPU.Build.0 = Release|Any CPU
		{2BBC63C7-E008-4702-A415-1469345AE910}.Debug|Any CPU.ActiveCfg = Debug|Any CPU
		{2BBC63C7-E008-4702-A415-1469345AE910}.Debug|Any CPU.Build.0 = Debug|Any CPU
		{2BBC63C7-E008-4702-A415-1469345AE910}.Release|Any CPU.ActiveCfg = Release|Any CPU
		{2BBC63C7-E008-4702-A415-1469345AE910}.Release|Any CPU.Build.0 = Release|Any CPU
	EndGlobalSection
	GlobalSection(SolutionProperties) = preSolution
		HideSolutionNode = FALSE
	EndGlobalSection
	GlobalSection(ExtensibilityGlobals) = postSolution
		SolutionGuid = {70A34897-8779-44CD-8DAA-E9B60BFD5145}
	EndGlobalSection
EndGlobal
